
Microsoft Visual Studio Solution File, Format Version 12.00
# Visual Studio Version 17
VisualStudioVersion = 17.3.32929.385
MinimumVisualStudioVersion = 10.0.40219.1
Project("{9A19103F-16F7-4668-BE54-9A1E7A4F7556}") = "Clinic", "Clinic\Clinic.csproj", "{6B308601-508D-4857-9A19-04FFB11C30B9}"
EndProject
Project("{FAE04EC0-301F-11D3-BF4B-00C04F79EFBC}") = "Clinic_Common", "Clinic_Common\Clinic_Common.csproj", "{C648B7D9-CF23-4A10-8285-DC680A7D0C31}"
EndProject
Project("{FAE04EC0-301F-11D3-BF4B-00C04F79EFBC}") = "Clinic_Core", "Clinic_Core\Clinic_Core.csproj", "{DBF2E9AA-43B3-40D6-A960-7B1DF93EC4B8}"
EndProject
Project("{FAE04EC0-301F-11D3-BF4B-00C04F79EFBC}") = "Clinic_DbModel", "Clinic_DbModel\Clinic_DbModel.csproj", "{94F42523-8354-4488-8568-45FBA34A190F}"
EndProject
Project("{FAE04EC0-301F-11D3-BF4B-00C04F79EFBC}") = "Clinic_ModelView", "Clinic_ModelView\Clinic_ModelView.csproj", "{ED9CF872-4220-4348-8B30-81E23B9347FF}"
EndProject
Project("{FAE04EC0-301F-11D3-BF4B-00C04F79EFBC}") = "Clinic_EmailService", "Clinic_EmailService\Clinic_EmailService.csproj", "{47EE9D82-5124-4A99-9568-87F6CAD496D0}"
EndProject
Project("{FAE04EC0-301F-11D3-BF4B-00C04F79EFBC}") = "Clinic_Infrastructure", "Clinic_Infrastructure\Clinic_Infrastructure.csproj", "{993451CB-1784-461E-9C72-B6B6DC258EDC}"
EndProject
Global
	GlobalSection(SolutionConfigurationPlatforms) = preSolution
		Debug|Any CPU = Debug|Any CPU
		Release|Any CPU = Release|Any CPU
	EndGlobalSection
	GlobalSection(ProjectConfigurationPlatforms) = postSolution
		{6B308601-508D-4857-9A19-04FFB11C30B9}.Debug|Any CPU.ActiveCfg = Debug|Any CPU
		{6B308601-508D-4857-9A19-04FFB11C30B9}.Debug|Any CPU.Build.0 = Debug|Any CPU
		{6B308601-508D-4857-9A19-04FFB11C30B9}.Release|Any CPU.ActiveCfg = Release|Any CPU
		{6B308601-508D-4857-9A19-04FFB11C30B9}.Release|Any CPU.Build.0 = Release|Any CPU
		{C648B7D9-CF23-4A10-8285-DC680A7D0C31}.Debug|Any CPU.ActiveCfg = Debug|Any CPU
		{C648B7D9-CF23-4A10-8285-DC680A7D0C31}.Debug|Any CPU.Build.0 = Debug|Any CPU
		{C648B7D9-CF23-4A10-8285-DC680A7D0C31}.Release|Any CPU.ActiveCfg = Release|Any CPU
		{C648B7D9-CF23-4A10-8285-DC680A7D0C31}.Release|Any CPU.Build.0 = Release|Any CPU
		{DBF2E9AA-43B3-40D6-A960-7B1DF93EC4B8}.Debug|Any CPU.ActiveCfg = Debug|Any CPU
		{DBF2E9AA-43B3-40D6-A960-7B1DF93EC4B8}.Debug|Any CPU.Build.0 = Debug|Any CPU
		{DBF2E9AA-43B3-40D6-A960-7B1DF93EC4B8}.Release|Any CPU.ActiveCfg = Release|Any CPU
		{DBF2E9AA-43B3-40D6-A960-7B1DF93EC4B8}.Release|Any CPU.Build.0 = Release|Any CPU
		{94F42523-8354-4488-8568-45FBA34A190F}.Debug|Any CPU.ActiveCfg = Debug|Any CPU
		{94F42523-8354-4488-8568-45FBA34A190F}.Debug|Any CPU.Build.0 = Debug|Any CPU
		{94F42523-8354-4488-8568-45FBA34A190F}.Release|Any CPU.ActiveCfg = Release|Any CPU
		{94F42523-8354-4488-8568-45FBA34A190F}.Release|Any CPU.Build.0 = Release|Any CPU
		{ED9CF872-4220-4348-8B30-81E23B9347FF}.Debug|Any CPU.ActiveCfg = Debug|Any CPU
		{ED9CF872-4220-4348-8B30-81E23B9347FF}.Debug|Any CPU.Build.0 = Debug|Any CPU
		{ED9CF872-4220-4348-8B30-81E23B9347FF}.Release|Any CPU.ActiveCfg = Release|Any CPU
		{ED9CF872-4220-4348-8B30-81E23B9347FF}.Release|Any CPU.Build.0 = Release|Any CPU
		{47EE9D82-5124-4A99-9568-87F6CAD496D0}.Debug|Any CPU.ActiveCfg = Debug|Any CPU
		{47EE9D82-5124-4A99-9568-87F6CAD496D0}.Debug|Any CPU.Build.0 = Debug|Any CPU
		{47EE9D82-5124-4A99-9568-87F6CAD496D0}.Release|Any CPU.ActiveCfg = Release|Any CPU
		{47EE9D82-5124-4A99-9568-87F6CAD496D0}.Release|Any CPU.Build.0 = Release|Any CPU
		{993451CB-1784-461E-9C72-B6B6DC258EDC}.Debug|Any CPU.ActiveCfg = Debug|Any CPU
		{993451CB-1784-461E-9C72-B6B6DC258EDC}.Debug|Any CPU.Build.0 = Debug|Any CPU
		{993451CB-1784-461E-9C72-B6B6DC258EDC}.Release|Any CPU.ActiveCfg = Release|Any CPU
		{993451CB-1784-461E-9C72-B6B6DC258EDC}.Release|Any CPU.Build.0 = Release|Any CPU
	EndGlobalSection
	GlobalSection(SolutionProperties) = preSolution
		HideSolutionNode = FALSE
	EndGlobalSection
	GlobalSection(ExtensibilityGlobals) = postSolution
		SolutionGuid = {8576760F-A66B-4682-BD58-D0D24C587D0A}
	EndGlobalSection
EndGlobal
